// !$*UTF8*$!
{
	archiveVersion = 1;
	classes = {
	};
	objectVersion = 50;
	objects = {

/* Begin PBXBuildFile section */
		EF055C83222B00240043962D /* AppDelegate.swift in Sources */ = {isa = PBXBuildFile; fileRef = EF055C82222B00240043962D /* AppDelegate.swift */; };
		EF055C85222B00240043962D /* PopularViewController.swift in Sources */ = {isa = PBXBuildFile; fileRef = EF055C84222B00240043962D /* PopularViewController.swift */; };
		EF055C88222B00240043962D /* Main.storyboard in Resources */ = {isa = PBXBuildFile; fileRef = EF055C86222B00240043962D /* Main.storyboard */; };
		EF055C8A222B00270043962D /* Assets.xcassets in Resources */ = {isa = PBXBuildFile; fileRef = EF055C89222B00270043962D /* Assets.xcassets */; };
		EF055C8D222B00270043962D /* LaunchScreen.storyboard in Resources */ = {isa = PBXBuildFile; fileRef = EF055C8B222B00270043962D /* LaunchScreen.storyboard */; };
		EF055C96222B00770043962D /* NetworkService.swift in Sources */ = {isa = PBXBuildFile; fileRef = EF055C95222B00770043962D /* NetworkService.swift */; };
		EF055C98222B009F0043962D /* Result.swift in Sources */ = {isa = PBXBuildFile; fileRef = EF055C97222B009F0043962D /* Result.swift */; };
		EF055C9A222B013F0043962D /* API.swift in Sources */ = {isa = PBXBuildFile; fileRef = EF055C99222B013F0043962D /* API.swift */; };
		EF055C9D222B01CC0043962D /* Image.swift in Sources */ = {isa = PBXBuildFile; fileRef = EF055C9C222B01CC0043962D /* Image.swift */; };
		EF8D2300222B08AF00694510 /* User.swift in Sources */ = {isa = PBXBuildFile; fileRef = EF8D22FF222B08AF00694510 /* User.swift */; };
		EF8D2302222B0AEE00694510 /* Photo.swift in Sources */ = {isa = PBXBuildFile; fileRef = EF8D2301222B0AEE00694510 /* Photo.swift */; };
		EF8D2304222B0C7200694510 /* PhotosResponse.swift in Sources */ = {isa = PBXBuildFile; fileRef = EF8D2303222B0C7200694510 /* PhotosResponse.swift */; };
		EF8D2307222B100800694510 /* Constants.swift in Sources */ = {isa = PBXBuildFile; fileRef = EF8D2306222B100800694510 /* Constants.swift */; };
		EF8D2309222B10CD00694510 /* Config.plist in Resources */ = {isa = PBXBuildFile; fileRef = EF8D2308222B10CD00694510 /* Config.plist */; };
		EF8D230D222B1B1B00694510 /* ImageCell.swift in Sources */ = {isa = PBXBuildFile; fileRef = EF8D230C222B1B1B00694510 /* ImageCell.swift */; };
		EF8D2310222B1BCC00694510 /* UIImageExtensions.swift in Sources */ = {isa = PBXBuildFile; fileRef = EF8D230F222B1BCC00694510 /* UIImageExtensions.swift */; };
		EF8D2312222B1F0E00694510 /* LoadingFooterView.swift in Sources */ = {isa = PBXBuildFile; fileRef = EF8D2311222B1F0E00694510 /* LoadingFooterView.swift */; };
/* End PBXBuildFile section */

/* Begin PBXFileReference section */
		EF055C7F222B00240043962D /* Popular.app */ = {isa = PBXFileReference; explicitFileType = wrapper.application; includeInIndex = 0; path = Popular.app; sourceTree = BUILT_PRODUCTS_DIR; };
		EF055C82222B00240043962D /* AppDelegate.swift */ = {isa = PBXFileReference; lastKnownFileType = sourcecode.swift; path = AppDelegate.swift; sourceTree = "<group>"; };
		EF055C84222B00240043962D /* PopularViewController.swift */ = {isa = PBXFileReference; lastKnownFileType = sourcecode.swift; path = PopularViewController.swift; sourceTree = "<group>"; };
		EF055C87222B00240043962D /* Base */ = {isa = PBXFileReference; lastKnownFileType = file.storyboard; name = Base; path = Base.lproj/Main.storyboard; sourceTree = "<group>"; };
		EF055C89222B00270043962D /* Assets.xcassets */ = {isa = PBXFileReference; lastKnownFileType = folder.assetcatalog; path = Assets.xcassets; sourceTree = "<group>"; };
		EF055C8C222B00270043962D /* Base */ = {isa = PBXFileReference; lastKnownFileType = file.storyboard; name = Base; path = Base.lproj/LaunchScreen.storyboard; sourceTree = "<group>"; };
		EF055C8E222B00270043962D /* Info.plist */ = {isa = PBXFileReference; lastKnownFileType = text.plist.xml; path = Info.plist; sourceTree = "<group>"; };
		EF055C95222B00770043962D /* NetworkService.swift */ = {isa = PBXFileReference; lastKnownFileType = sourcecode.swift; path = NetworkService.swift; sourceTree = "<group>"; };
		EF055C97222B009F0043962D /* Result.swift */ = {isa = PBXFileReference; lastKnownFileType = sourcecode.swift; path = Result.swift; sourceTree = "<group>"; };
		EF055C99222B013F0043962D /* API.swift */ = {isa = PBXFileReference; lastKnownFileType = sourcecode.swift; path = API.swift; sourceTree = "<group>"; };
		EF055C9C222B01CC0043962D /* Image.swift */ = {isa = PBXFileReference; lastKnownFileType = sourcecode.swift; path = Image.swift; sourceTree = "<group>"; };
		EF8D22FF222B08AF00694510 /* User.swift */ = {isa = PBXFileReference; lastKnownFileType = sourcecode.swift; path = User.swift; sourceTree = "<group>"; };
		EF8D2301222B0AEE00694510 /* Photo.swift */ = {isa = PBXFileReference; lastKnownFileType = sourcecode.swift; path = Photo.swift; sourceTree = "<group>"; };
		EF8D2303222B0C7200694510 /* PhotosResponse.swift */ = {isa = PBXFileReference; lastKnownFileType = sourcecode.swift; path = PhotosResponse.swift; sourceTree = "<group>"; };
		EF8D2306222B100800694510 /* Constants.swift */ = {isa = PBXFileReference; lastKnownFileType = sourcecode.swift; path = Constants.swift; sourceTree = "<group>"; };
		EF8D2308222B10CD00694510 /* Config.plist */ = {isa = PBXFileReference; lastKnownFileType = text.plist.xml; path = Config.plist; sourceTree = "<group>"; };
		EF8D230C222B1B1B00694510 /* ImageCell.swift */ = {isa = PBXFileReference; lastKnownFileType = sourcecode.swift; path = ImageCell.swift; sourceTree = "<group>"; };
		EF8D230F222B1BCC00694510 /* UIImageExtensions.swift */ = {isa = PBXFileReference; lastKnownFileType = sourcecode.swift; path = UIImageExtensions.swift; sourceTree = "<group>"; };
		EF8D2311222B1F0E00694510 /* LoadingFooterView.swift */ = {isa = PBXFileReference; lastKnownFileType = sourcecode.swift; path = LoadingFooterView.swift; sourceTree = "<group>"; };
/* End PBXFileReference section */

/* Begin PBXFrameworksBuildPhase section */
		EF055C7C222B00240043962D /* Frameworks */ = {
			isa = PBXFrameworksBuildPhase;
			buildActionMask = 2147483647;
			files = (
			);
			runOnlyForDeploymentPostprocessing = 0;
		};
/* End PBXFrameworksBuildPhase section */

/* Begin PBXGroup section */
		EF055C76222B00240043962D = {
			isa = PBXGroup;
			children = (
				EF055C81222B00240043962D /* Popular */,
				EF055C80222B00240043962D /* Products */,
			);
			sourceTree = "<group>";
		};
		EF055C80222B00240043962D /* Products */ = {
			isa = PBXGroup;
			children = (
				EF055C7F222B00240043962D /* Popular.app */,
			);
			name = Products;
			sourceTree = "<group>";
		};
		EF055C81222B00240043962D /* Popular */ = {
			isa = PBXGroup;
			children = (
				EF055C82222B00240043962D /* AppDelegate.swift */,
				EF055C86222B00240043962D /* Main.storyboard */,
				EF055C89222B00270043962D /* Assets.xcassets */,
				EF055C8B222B00270043962D /* LaunchScreen.storyboard */,
				EF055C8E222B00270043962D /* Info.plist */,
				EF8D230E222B1BBE00694510 /* Extensions */,
				EF8D230B222B1B0400694510 /* Controllers */,
				EF8D230A222B1AF900694510 /* Views */,
				EF8D2305222B0FFF00694510 /* Shared */,
				EF055C9B222B01AF0043962D /* Models */,
				EF055C94222B005D0043962D /* API */,
			);
			path = Popular;
			sourceTree = "<group>";
		};
		EF055C94222B005D0043962D /* API */ = {
			isa = PBXGroup;
			children = (
				EF055C99222B013F0043962D /* API.swift */,
				EF055C95222B00770043962D /* NetworkService.swift */,
				EF055C97222B009F0043962D /* Result.swift */,
			);
			path = API;
			sourceTree = "<group>";
		};
		EF055C9B222B01AF0043962D /* Models */ = {
			isa = PBXGroup;
			children = (
				EF055C9C222B01CC0043962D /* Image.swift */,
				EF8D2301222B0AEE00694510 /* Photo.swift */,
				EF8D22FF222B08AF00694510 /* User.swift */,
				EF8D2303222B0C7200694510 /* PhotosResponse.swift */,
			);
			path = Models;
			sourceTree = "<group>";
		};
		EF8D2305222B0FFF00694510 /* Shared */ = {
			isa = PBXGroup;
			children = (
				EF8D2306222B100800694510 /* Constants.swift */,
				EF8D2308222B10CD00694510 /* Config.plist */,
			);
			path = Shared;
			sourceTree = "<group>";
		};
		EF8D230A222B1AF900694510 /* Views */ = {
			isa = PBXGroup;
			children = (
				EF8D230C222B1B1B00694510 /* ImageCell.swift */,
				EF8D2311222B1F0E00694510 /* LoadingFooterView.swift */,
			);
			path = Views;
			sourceTree = "<group>";
		};
		EF8D230B222B1B0400694510 /* Controllers */ = {
			isa = PBXGroup;
			children = (
				EF055C84222B00240043962D /* PopularViewController.swift */,
			);
			path = Controllers;
			sourceTree = "<group>";
		};
		EF8D230E222B1BBE00694510 /* Extensions */ = {
			isa = PBXGroup;
			children = (
				EF8D230F222B1BCC00694510 /* UIImageExtensions.swift */,
			);
			path = Extensions;
			sourceTree = "<group>";
		};
/* End PBXGroup section */

/* Begin PBXNativeTarget section */
		EF055C7E222B00240043962D /* Popular */ = {
			isa = PBXNativeTarget;
			buildConfigurationList = EF055C91222B00270043962D /* Build configuration list for PBXNativeTarget "Popular" */;
			buildPhases = (
				EF055C7B222B00240043962D /* Sources */,
				EF055C7C222B00240043962D /* Frameworks */,
				EF055C7D222B00240043962D /* Resources */,
			);
			buildRules = (
			);
			dependencies = (
			);
			name = Popular;
			productName = Popular;
			productReference = EF055C7F222B00240043962D /* Popular.app */;
			productType = "com.apple.product-type.application";
		};
/* End PBXNativeTarget section */

/* Begin PBXProject section */
		EF055C77222B00240043962D /* Project object */ = {
			isa = PBXProject;
			attributes = {
				LastSwiftUpdateCheck = 1010;
				LastUpgradeCheck = 1010;
				ORGANIZATIONNAME = "Mahmood Tahir";
				TargetAttributes = {
					EF055C7E222B00240043962D = {
						CreatedOnToolsVersion = 10.1;
					};
				};
			};
			buildConfigurationList = EF055C7A222B00240043962D /* Build configuration list for PBXProject "Popular" */;
			compatibilityVersion = "Xcode 9.3";
			developmentRegion = en;
			hasScannedForEncodings = 0;
			knownRegions = (
				en,
				Base,
			);
			mainGroup = EF055C76222B00240043962D;
			productRefGroup = EF055C80222B00240043962D /* Products */;
			projectDirPath = "";
			projectRoot = "";
			targets = (
				EF055C7E222B00240043962D /* Popular */,
			);
		};
/* End PBXProject section */

/* Begin PBXResourcesBuildPhase section */
		EF055C7D222B00240043962D /* Resources */ = {
			isa = PBXResourcesBuildPhase;
			buildActionMask = 2147483647;
			files = (
				EF8D2309222B10CD00694510 /* Config.plist in Resources */,
				EF055C8D222B00270043962D /* LaunchScreen.storyboard in Resources */,
				EF055C8A222B00270043962D /* Assets.xcassets in Resources */,
				EF055C88222B00240043962D /* Main.storyboard in Resources */,
			);
			runOnlyForDeploymentPostprocessing = 0;
		};
/* End PBXResourcesBuildPhase section */

/* Begin PBXSourcesBuildPhase section */
		EF055C7B222B00240043962D /* Sources */ = {
			isa = PBXSourcesBuildPhase;
			buildActionMask = 2147483647;
			files = (
				EF8D2302222B0AEE00694510 /* Photo.swift in Sources */,
				EF055C85222B00240043962D /* PopularViewController.swift in Sources */,
				EF8D230D222B1B1B00694510 /* ImageCell.swift in Sources */,
				EF8D2312222B1F0E00694510 /* LoadingFooterView.swift in Sources */,
				EF8D2310222B1BCC00694510 /* UIImageExtensions.swift in Sources */,
				EF055C9D222B01CC0043962D /* Image.swift in Sources */,
				EF8D2304222B0C7200694510 /* PhotosResponse.swift in Sources */,
				EF055C9A222B013F0043962D /* API.swift in Sources */,
				EF8D2307222B100800694510 /* Constants.swift in Sources */,
				EF055C96222B00770043962D /* NetworkService.swift in Sources */,
				EF8D2300222B08AF00694510 /* User.swift in Sources */,
				EF055C98222B009F0043962D /* Result.swift in Sources */,
				EF055C83222B00240043962D /* AppDelegate.swift in Sources */,
			);
			runOnlyForDeploymentPostprocessing = 0;
		};
/* End PBXSourcesBuildPhase section */

/* Begin PBXVariantGroup section */
		EF055C86222B00240043962D /* Main.storyboard */ = {
			isa = PBXVariantGroup;
			children = (
				EF055C87222B00240043962D /* Base */,
			);
			name = Main.storyboard;
			sourceTree = "<group>";
		};
		EF055C8B222B00270043962D /* LaunchScreen.storyboard */ = {
			isa = PBXVariantGroup;
			children = (
				EF055C8C222B00270043962D /* Base */,
			);
			name = LaunchScreen.storyboard;
			sourceTree = "<group>";
		};
/* End PBXVariantGroup section */

/* Begin XCBuildConfiguration section */
		EF055C8F222B00270043962D /* Debug */ = {
			isa = XCBuildConfiguration;
			buildSettings = {
				ALWAYS_SEARCH_USER_PATHS = NO;
				CLANG_ANALYZER_NONNULL = YES;
				CLANG_ANALYZER_NUMBER_OBJECT_CONVERSION = YES_AGGRESSIVE;
				CLANG_CXX_LANGUAGE_STANDARD = "gnu++14";
				CLANG_CXX_LIBRARY = "libc++";
				CLANG_ENABLE_MODULES = YES;
				CLANG_ENABLE_OBJC_ARC = YES;
				CLANG_ENABLE_OBJC_WEAK = YES;
				CLANG_WARN_BLOCK_CAPTURE_AUTORELEASING = YES;
				CLANG_WARN_BOOL_CONVERSION = YES;
				CLANG_WARN_COMMA = YES;
				CLANG_WARN_CONSTANT_CONVERSION = YES;
				CLANG_WARN_DEPRECATED_OBJC_IMPLEMENTATIONS = YES;
				CLANG_WARN_DIRECT_OBJC_ISA_USAGE = YES_ERROR;
				CLANG_WARN_DOCUMENTATION_COMMENTS = YES;
				CLANG_WARN_EMPTY_BODY = YES;
				CLANG_WARN_ENUM_CONVERSION = YES;
				CLANG_WARN_INFINITE_RECURSION = YES;
				CLANG_WARN_INT_CONVERSION = YES;
				CLANG_WARN_NON_LITERAL_NULL_CONVERSION = YES;
				CLANG_WARN_OBJC_IMPLICIT_RETAIN_SELF = YES;
				CLANG_WARN_OBJC_LITERAL_CONVERSION = YES;
				CLANG_WARN_OBJC_ROOT_CLASS = YES_ERROR;
				CLANG_WARN_RANGE_LOOP_ANALYSIS = YES;
				CLANG_WARN_STRICT_PROTOTYPES = YES;
				CLANG_WARN_SUSPICIOUS_MOVE = YES;
				CLANG_WARN_UNGUARDED_AVAILABILITY = YES_AGGRESSIVE;
				CLANG_WARN_UNREACHABLE_CODE = YES;
				CLANG_WARN__DUPLICATE_METHOD_MATCH = YES;
				CODE_SIGN_IDENTITY = "iPhone Developer";
				COPY_PHASE_STRIP = NO;
				DEBUG_INFORMATION_FORMAT = dwarf;
				ENABLE_STRICT_OBJC_MSGSEND = YES;
				ENABLE_TESTABILITY = YES;
				GCC_C_LANGUAGE_STANDARD = gnu11;
				GCC_DYNAMIC_NO_PIC = NO;
				GCC_NO_COMMON_BLOCKS = YES;
				GCC_OPTIMIZATION_LEVEL = 0;
				GCC_PREPROCESSOR_DEFINITIONS = (
					"DEBUG=1",
					"$(inherited)",
				);
				GCC_WARN_64_TO_32_BIT_CONVERSION = YES;
				GCC_WARN_ABOUT_RETURN_TYPE = YES_ERROR;
				GCC_WARN_UNDECLARED_SELECTOR = YES;
				GCC_WARN_UNINITIALIZED_AUTOS = YES_AGGRESSIVE;
				GCC_WARN_UNUSED_FUNCTION = YES;
				GCC_WARN_UNUSED_VARIABLE = YES;
				IPHONEOS_DEPLOYMENT_TARGET = 12.1;
				MTL_ENABLE_DEBUG_INFO = INCLUDE_SOURCE;
				MTL_FAST_MATH = YES;
				ONLY_ACTIVE_ARCH = YES;
				SDKROOT = iphoneos;
				SWIFT_ACTIVE_COMPILATION_CONDITIONS = DEBUG;
				SWIFT_OPTIMIZATION_LEVEL = "-Onone";
			};
			name = Debug;
		};
		EF055C90222B00270043962D /* Release */ = {
			isa = XCBuildConfiguration;
			buildSettings = {
				ALWAYS_SEARCH_USER_PATHS = NO;
				CLANG_ANALYZER_NONNULL = YES;
				CLANG_ANALYZER_NUMBER_OBJECT_CONVERSION = YES_AGGRESSIVE;
				CLANG_CXX_LANGUAGE_STANDARD = "gnu++14";
				CLANG_CXX_LIBRARY = "libc++";
				CLANG_ENABLE_MODULES = YES;
				CLANG_ENABLE_OBJC_ARC = YES;
				CLANG_ENABLE_OBJC_WEAK = YES;
				CLANG_WARN_BLOCK_CAPTURE_AUTORELEASING = YES;
				CLANG_WARN_BOOL_CONVERSION = YES;
				CLANG_WARN_COMMA = YES;
				CLANG_WARN_CONSTANT_CONVERSION = YES;
				CLANG_WARN_DEPRECATED_OBJC_IMPLEMENTATIONS = YES;
				CLANG_WARN_DIRECT_OBJC_ISA_USAGE = YES_ERROR;
				CLANG_WARN_DOCUMENTATION_COMMENTS = YES;
				CLANG_WARN_EMPTY_BODY = YES;
				CLANG_WARN_ENUM_CONVERSION = YES;
				CLANG_WARN_INFINITE_RECURSION = YES;
				CLANG_WARN_INT_CONVERSION = YES;
				CLANG_WARN_NON_LITERAL_NULL_CONVERSION = YES;
				CLANG_WARN_OBJC_IMPLICIT_RETAIN_SELF = YES;
				CLANG_WARN_OBJC_LITERAL_CONVERSION = YES;
				CLANG_WARN_OBJC_ROOT_CLASS = YES_ERROR;
				CLANG_WARN_RANGE_LOOP_ANALYSIS = YES;
				CLANG_WARN_STRICT_PROTOTYPES = YES;
				CLANG_WARN_SUSPICIOUS_MOVE = YES;
				CLANG_WARN_UNGUARDED_AVAILABILITY = YES_AGGRESSIVE;
				CLANG_WARN_UNREACHABLE_CODE = YES;
				CLANG_WARN__DUPLICATE_METHOD_MATCH = YES;
				CODE_SIGN_IDENTITY = "iPhone Developer";
				COPY_PHASE_STRIP = NO;
				DEBUG_INFORMATION_FORMAT = "dwarf-with-dsym";
				ENABLE_NS_ASSERTIONS = NO;
				ENABLE_STRICT_OBJC_MSGSEND = YES;
				GCC_C_LANGUAGE_STANDARD = gnu11;
				GCC_NO_COMMON_BLOCKS = YES;
				GCC_WARN_64_TO_32_BIT_CONVERSION = YES;
				GCC_WARN_ABOUT_RETURN_TYPE = YES_ERROR;
				GCC_WARN_UNDECLARED_SELECTOR = YES;
				GCC_WARN_UNINITIALIZED_AUTOS = YES_AGGRESSIVE;
				GCC_WARN_UNUSED_FUNCTION = YES;
				GCC_WARN_UNUSED_VARIABLE = YES;
				IPHONEOS_DEPLOYMENT_TARGET = 12.1;
				MTL_ENABLE_DEBUG_INFO = NO;
				MTL_FAST_MATH = YES;
				SDKROOT = iphoneos;
				SWIFT_COMPILATION_MODE = wholemodule;
				SWIFT_OPTIMIZATION_LEVEL = "-O";
				VALIDATE_PRODUCT = YES;
			};
			name = Release;
		};
		EF055C92222B00270043962D /* Debug */ = {
			isa = XCBuildConfiguration;
			buildSettings = {
				ASSETCATALOG_COMPILER_APPICON_NAME = AppIcon;
				CODE_SIGN_STYLE = Automatic;
				INFOPLIST_FILE = Popular/Info.plist;
				LD_RUNPATH_SEARCH_PATHS = (
					"$(inherited)",
					"@executable_path/Frameworks",
				);
				PRODUCT_BUNDLE_IDENTIFIER = com.500pxTask.Popular;
				PRODUCT_NAME = "$(TARGET_NAME)";
				SWIFT_VERSION = 4.2;
				TARGETED_DEVICE_FAMILY = "1,2";
			};
			name = Debug;
		};
		EF055C93222B00270043962D /* Release */ = {
			isa = XCBuildConfiguration;
			buildSettings = {
				ASSETCATALOG_COMPILER_APPICON_NAME = AppIcon;
				CODE_SIGN_STYLE = Automatic;
				INFOPLIST_FILE = Popular/Info.plist;
				LD_RUNPATH_SEARCH_PATHS = (
					"$(inherited)",
					"@executable_path/Frameworks",
				);
				PRODUCT_BUNDLE_IDENTIFIER = com.500pxTask.Popular;
				PRODUCT_NAME = "$(TARGET_NAME)";
				SWIFT_VERSION = 4.2;
				TARGETED_DEVICE_FAMILY = "1,2";
			};
			name = Release;
		};
/* End XCBuildConfiguration section */

/* Begin XCConfigurationList section */
		EF055C7A222B00240043962D /* Build configuration list for PBXProject "Popular" */ = {
			isa = XCConfigurationList;
			buildConfigurations = (
				EF055C8F222B00270043962D /* Debug */,
				EF055C90222B00270043962D /* Release */,
			);
			defaultConfigurationIsVisible = 0;
			defaultConfigurationName = Release;
		};
		EF055C91222B00270043962D /* Build configuration list for PBXNativeTarget "Popular" */ = {
			isa = XCConfigurationList;
			buildConfigurations = (
				EF055C92222B00270043962D /* Debug */,
				EF055C93222B00270043962D /* Release */,
			);
			defaultConfigurationIsVisible = 0;
			defaultConfigurationName = Release;
		};
/* End XCConfigurationList section */
	};
	rootObject = EF055C77222B00240043962D /* Project object */;
}
